
Microsoft Visual Studio Solution File, Format Version 12.00
# Visual Studio Version 16
VisualStudioVersion = 16.0.30709.64
MinimumVisualStudioVersion = 10.0.40219.1
Project("{9A19103F-16F7-4668-BE54-9A1E7A4F7556}") = "CheckLogWorker", "CheckLogWorker\CheckLogWorker.csproj", "{FEBE892B-436D-4E5A-B6C1-BBE05CE46584}"
EndProject
Project("{9A19103F-16F7-4668-BE54-9A1E7A4F7556}") = "CheckLogServer", "CheckLogServer\CheckLogServer.csproj", "{F27F4DB1-2ABA-42D7-91E1-A4F0C98BFDC7}"
	ProjectSection(ProjectDependencies) = postProject
		{FEBE892B-436D-4E5A-B6C1-BBE05CE46584} = {FEBE892B-436D-4E5A-B6C1-BBE05CE46584}
	EndProjectSection
EndProject
Project("{FAE04EC0-301F-11D3-BF4B-00C04F79EFBC}") = "CheckLogUpdater", "CheckLogUpdater\CheckLogUpdater.csproj", "{0994C715-E76E-4837-8A0B-914E9A2D9337}"
EndProject
Global
	GlobalSection(SolutionConfigurationPlatforms) = preSolution
		Debug|Any CPU = Debug|Any CPU
		Release|Any CPU = Release|Any CPU
	EndGlobalSection
	GlobalSection(ProjectConfigurationPlatforms) = postSolution
		{FEBE892B-436D-4E5A-B6C1-BBE05CE46584}.Debug|Any CPU.ActiveCfg = Debug|Any CPU
		{FEBE892B-436D-4E5A-B6C1-BBE05CE46584}.Debug|Any CPU.Build.0 = Debug|Any CPU
		{FEBE892B-436D-4E5A-B6C1-BBE05CE46584}.Release|Any CPU.ActiveCfg = Release|Any CPU
		{FEBE892B-436D-4E5A-B6C1-BBE05CE46584}.Release|Any CPU.Build.0 = Release|Any CPU
		{F27F4DB1-2ABA-42D7-91E1-A4F0C98BFDC7}.Debug|Any CPU.ActiveCfg = Debug|Any CPU
		{F27F4DB1-2ABA-42D7-91E1-A4F0C98BFDC7}.Debug|Any CPU.Build.0 = Debug|Any CPU
		{F27F4DB1-2ABA-42D7-91E1-A4F0C98BFDC7}.Release|Any CPU.ActiveCfg = Release|Any CPU
		{F27F4DB1-2ABA-42D7-91E1-A4F0C98BFDC7}.Release|Any CPU.Build.0 = Release|Any CPU
		{0994C715-E76E-4837-8A0B-914E9A2D9337}.Debug|Any CPU.ActiveCfg = Debug|Any CPU
		{0994C715-E76E-4837-8A0B-914E9A2D9337}.Debug|Any CPU.Build.0 = Debug|Any CPU
		{0994C715-E76E-4837-8A0B-914E9A2D9337}.Release|Any CPU.ActiveCfg = Release|Any CPU
		{0994C715-E76E-4837-8A0B-914E9A2D9337}.Release|Any CPU.Build.0 = Release|Any CPU
	EndGlobalSection
	GlobalSection(SolutionProperties) = preSolution
		HideSolutionNode = FALSE
	EndGlobalSection
	GlobalSection(ExtensibilityGlobals) = postSolution
		SolutionGuid = {0D3EE51A-AF57-4EA6-8D32-5B02AEF7C184}
	EndGlobalSection
EndGlobal
